// !$*UTF8*$!
{
	archiveVersion = 1;
	classes = {
	};
	objectVersion = 56;
	objects = {

/* Begin PBXBuildFile section */
		A7477F812A1BBCCF00D79747 /* SupernovaApp.swift in Sources */ = {isa = PBXBuildFile; fileRef = A7477F802A1BBCCF00D79747 /* SupernovaApp.swift */; };
		A7477F852A1BBCD100D79747 /* Assets.xcassets in Resources */ = {isa = PBXBuildFile; fileRef = A7477F842A1BBCD100D79747 /* Assets.xcassets */; };
		A7477F882A1BBCD100D79747 /* Preview Assets.xcassets in Resources */ = {isa = PBXBuildFile; fileRef = A7477F872A1BBCD100D79747 /* Preview Assets.xcassets */; };
		A7477F8F2A1BBD4D00D79747 /* LoginLogo.swift in Sources */ = {isa = PBXBuildFile; fileRef = A7477F8E2A1BBD4D00D79747 /* LoginLogo.swift */; };
		A7477F922A1BBD9900D79747 /* Supabase in Frameworks */ = {isa = PBXBuildFile; productRef = A7477F912A1BBD9900D79747 /* Supabase */; };
		A7477F942A1BBDAF00D79747 /* LoginView.swift in Sources */ = {isa = PBXBuildFile; fileRef = A7477F932A1BBDAF00D79747 /* LoginView.swift */; };
		A7477F9A2A1BBDE300D79747 /* DashboardView.swift in Sources */ = {isa = PBXBuildFile; fileRef = A7477F992A1BBDE300D79747 /* DashboardView.swift */; };
		A757F9BE2A213EEA002A443A /* SwiftUINavigation in Frameworks */ = {isa = PBXBuildFile; productRef = A757F9BD2A213EEA002A443A /* SwiftUINavigation */; };
		A757F9C12A28EDF8002A443A /* MiniAppFeature.swift in Sources */ = {isa = PBXBuildFile; fileRef = A757F9C02A28EDF8002A443A /* MiniAppFeature.swift */; };
		A757F9C32A28EE2A002A443A /* MiniAppView.swift in Sources */ = {isa = PBXBuildFile; fileRef = A757F9C22A28EE2A002A443A /* MiniAppView.swift */; };
		A757F9C52A2A5506002A443A /* Portal+MiniApp.swift in Sources */ = {isa = PBXBuildFile; fileRef = A757F9C42A2A5506002A443A /* Portal+MiniApp.swift */; };
		A757F9C72A2A56BE002A443A /* Credentials.swift in Sources */ = {isa = PBXBuildFile; fileRef = A757F9C62A2A56BE002A443A /* Credentials.swift */; };
		A757F9CA2A2A5896002A443A /* Color+Theme.swift in Sources */ = {isa = PBXBuildFile; fileRef = A757F9C92A2A5896002A443A /* Color+Theme.swift */; };
		A757F9CC2A2A58BE002A443A /* Image+Ionicons.swift in Sources */ = {isa = PBXBuildFile; fileRef = A757F9CB2A2A58BE002A443A /* Image+Ionicons.swift */; };
		A757F9CE2A2A58E0002A443A /* URL+ExprByStringLiteral.swift in Sources */ = {isa = PBXBuildFile; fileRef = A757F9CD2A2A58E0002A443A /* URL+ExprByStringLiteral.swift */; };
		A757F9D02A2A5AC6002A443A /* MiniAppsView.swift in Sources */ = {isa = PBXBuildFile; fileRef = A757F9CF2A2A5AC6002A443A /* MiniAppsView.swift */; };
		A757F9D32A2E2C9C002A443A /* NewsItemView.swift in Sources */ = {isa = PBXBuildFile; fileRef = A757F9D22A2E2C9C002A443A /* NewsItemView.swift */; };
		A757F9D62A2E7522002A443A /* MarkdownUI in Frameworks */ = {isa = PBXBuildFile; productRef = A757F9D52A2E7522002A443A /* MarkdownUI */; };
		A784D2612A37D462008DE4C7 /* UINavigationController+SwipeBack.swift in Sources */ = {isa = PBXBuildFile; fileRef = A784D2602A37D462008DE4C7 /* UINavigationController+SwipeBack.swift */; };
		A784D2632A37DA5A008DE4C7 /* EventsView.swift in Sources */ = {isa = PBXBuildFile; fileRef = A784D2622A37DA5A008DE4C7 /* EventsView.swift */; };
		A784D2652A37DAAD008DE4C7 /* Image+ResizedAndScaled.swift in Sources */ = {isa = PBXBuildFile; fileRef = A784D2642A37DAAD008DE4C7 /* Image+ResizedAndScaled.swift */; };
		A784D2682A37DAD1008DE4C7 /* NewsFeedView.swift in Sources */ = {isa = PBXBuildFile; fileRef = A784D2672A37DAD1008DE4C7 /* NewsFeedView.swift */; };
		A7999FE42A1BC16F00D08C51 /* Dependencies in Frameworks */ = {isa = PBXBuildFile; productRef = A7999FE32A1BC16F00D08C51 /* Dependencies */; };
		A7999FE62A1BC6E000D08C51 /* Dependencies.swift in Sources */ = {isa = PBXBuildFile; fileRef = A7999FE52A1BC6E000D08C51 /* Dependencies.swift */; };
		A7999FE92A1BE55F00D08C51 /* ComposableArchitecture in Frameworks */ = {isa = PBXBuildFile; productRef = A7999FE82A1BE55F00D08C51 /* ComposableArchitecture */; };
		A7999FEC2A1D200000D08C51 /* LoginFeature.swift in Sources */ = {isa = PBXBuildFile; fileRef = A7999FEB2A1D200000D08C51 /* LoginFeature.swift */; };
		A7E10ECC2A3970FC00F9D489 /* NewsFeature.swift in Sources */ = {isa = PBXBuildFile; fileRef = A7E10ECB2A3970FC00F9D489 /* NewsFeature.swift */; };
		A7E10ECF2A3A207800F9D489 /* NewsFeedFeature.swift in Sources */ = {isa = PBXBuildFile; fileRef = A7E10ECE2A3A207800F9D489 /* NewsFeedFeature.swift */; };
		A7E10ED22A3A223800F9D489 /* EventsFeature.swift in Sources */ = {isa = PBXBuildFile; fileRef = A7E10ED12A3A223800F9D489 /* EventsFeature.swift */; };
		A7E10ED52A3A24D000F9D489 /* MiniAppsFeature.swift in Sources */ = {isa = PBXBuildFile; fileRef = A7E10ED42A3A24D000F9D489 /* MiniAppsFeature.swift */; };
		A7F805122A1D3F4A0060A74D /* MiniApp.swift in Sources */ = {isa = PBXBuildFile; fileRef = A7F805112A1D3F4A0060A74D /* MiniApp.swift */; };
		A7F805142A1D3F790060A74D /* Event.swift in Sources */ = {isa = PBXBuildFile; fileRef = A7F805132A1D3F790060A74D /* Event.swift */; };
		A7F805162A1D3FC20060A74D /* NewsItem.swift in Sources */ = {isa = PBXBuildFile; fileRef = A7F805152A1D3FC20060A74D /* NewsItem.swift */; };
		A7F805182A1D40000060A74D /* DashboardFeature.swift in Sources */ = {isa = PBXBuildFile; fileRef = A7F805172A1D40000060A74D /* DashboardFeature.swift */; };
		A7F8051B2A1D44220060A74D /* AppFeature.swift in Sources */ = {isa = PBXBuildFile; fileRef = A7F8051A2A1D44220060A74D /* AppFeature.swift */; };
		A7F8051D2A1D46330060A74D /* AppView.swift in Sources */ = {isa = PBXBuildFile; fileRef = A7F8051C2A1D46330060A74D /* AppView.swift */; };
		A7F805202A1D4E540060A74D /* SkeletonUI in Frameworks */ = {isa = PBXBuildFile; productRef = A7F8051F2A1D4E540060A74D /* SkeletonUI */; };
		A7F805262A1D61CE0060A74D /* IonicPortals in Frameworks */ = {isa = PBXBuildFile; productRef = A7F805252A1D61CE0060A74D /* IonicPortals */; };
/* End PBXBuildFile section */

/* Begin PBXFileReference section */
		A7477F7D2A1BBCCF00D79747 /* Supernova.app */ = {isa = PBXFileReference; explicitFileType = wrapper.application; includeInIndex = 0; path = Supernova.app; sourceTree = BUILT_PRODUCTS_DIR; };
		A7477F802A1BBCCF00D79747 /* SupernovaApp.swift */ = {isa = PBXFileReference; lastKnownFileType = sourcecode.swift; path = SupernovaApp.swift; sourceTree = "<group>"; };
		A7477F842A1BBCD100D79747 /* Assets.xcassets */ = {isa = PBXFileReference; lastKnownFileType = folder.assetcatalog; path = Assets.xcassets; sourceTree = "<group>"; };
		A7477F872A1BBCD100D79747 /* Preview Assets.xcassets */ = {isa = PBXFileReference; lastKnownFileType = folder.assetcatalog; path = "Preview Assets.xcassets"; sourceTree = "<group>"; };
		A7477F8E2A1BBD4D00D79747 /* LoginLogo.swift */ = {isa = PBXFileReference; fileEncoding = 4; lastKnownFileType = sourcecode.swift; path = LoginLogo.swift; sourceTree = "<group>"; };
		A7477F932A1BBDAF00D79747 /* LoginView.swift */ = {isa = PBXFileReference; fileEncoding = 4; lastKnownFileType = sourcecode.swift; path = LoginView.swift; sourceTree = "<group>"; };
		A7477F992A1BBDE300D79747 /* DashboardView.swift */ = {isa = PBXFileReference; fileEncoding = 4; lastKnownFileType = sourcecode.swift; path = DashboardView.swift; sourceTree = "<group>"; };
		A757F9C02A28EDF8002A443A /* MiniAppFeature.swift */ = {isa = PBXFileReference; lastKnownFileType = sourcecode.swift; path = MiniAppFeature.swift; sourceTree = "<group>"; };
		A757F9C22A28EE2A002A443A /* MiniAppView.swift */ = {isa = PBXFileReference; lastKnownFileType = sourcecode.swift; path = MiniAppView.swift; sourceTree = "<group>"; };
		A757F9C42A2A5506002A443A /* Portal+MiniApp.swift */ = {isa = PBXFileReference; lastKnownFileType = sourcecode.swift; path = "Portal+MiniApp.swift"; sourceTree = "<group>"; };
		A757F9C62A2A56BE002A443A /* Credentials.swift */ = {isa = PBXFileReference; lastKnownFileType = sourcecode.swift; path = Credentials.swift; sourceTree = "<group>"; };
		A757F9C92A2A5896002A443A /* Color+Theme.swift */ = {isa = PBXFileReference; lastKnownFileType = sourcecode.swift; path = "Color+Theme.swift"; sourceTree = "<group>"; };
		A757F9CB2A2A58BE002A443A /* Image+Ionicons.swift */ = {isa = PBXFileReference; lastKnownFileType = sourcecode.swift; path = "Image+Ionicons.swift"; sourceTree = "<group>"; };
		A757F9CD2A2A58E0002A443A /* URL+ExprByStringLiteral.swift */ = {isa = PBXFileReference; lastKnownFileType = sourcecode.swift; path = "URL+ExprByStringLiteral.swift"; sourceTree = "<group>"; };
		A757F9CF2A2A5AC6002A443A /* MiniAppsView.swift */ = {isa = PBXFileReference; lastKnownFileType = sourcecode.swift; path = MiniAppsView.swift; sourceTree = "<group>"; };
		A757F9D22A2E2C9C002A443A /* NewsItemView.swift */ = {isa = PBXFileReference; lastKnownFileType = sourcecode.swift; path = NewsItemView.swift; sourceTree = "<group>"; };
		A784D2602A37D462008DE4C7 /* UINavigationController+SwipeBack.swift */ = {isa = PBXFileReference; lastKnownFileType = sourcecode.swift; path = "UINavigationController+SwipeBack.swift"; sourceTree = "<group>"; };
		A784D2622A37DA5A008DE4C7 /* EventsView.swift */ = {isa = PBXFileReference; lastKnownFileType = sourcecode.swift; path = EventsView.swift; sourceTree = "<group>"; };
		A784D2642A37DAAD008DE4C7 /* Image+ResizedAndScaled.swift */ = {isa = PBXFileReference; lastKnownFileType = sourcecode.swift; path = "Image+ResizedAndScaled.swift"; sourceTree = "<group>"; };
		A784D2672A37DAD1008DE4C7 /* NewsFeedView.swift */ = {isa = PBXFileReference; lastKnownFileType = sourcecode.swift; path = NewsFeedView.swift; sourceTree = "<group>"; };
		A7999FE52A1BC6E000D08C51 /* Dependencies.swift */ = {isa = PBXFileReference; lastKnownFileType = sourcecode.swift; path = Dependencies.swift; sourceTree = "<group>"; };
		A7999FEB2A1D200000D08C51 /* LoginFeature.swift */ = {isa = PBXFileReference; lastKnownFileType = sourcecode.swift; path = LoginFeature.swift; sourceTree = "<group>"; };
		A7E10ECB2A3970FC00F9D489 /* NewsFeature.swift */ = {isa = PBXFileReference; lastKnownFileType = sourcecode.swift; path = NewsFeature.swift; sourceTree = "<group>"; };
		A7E10ECE2A3A207800F9D489 /* NewsFeedFeature.swift */ = {isa = PBXFileReference; lastKnownFileType = sourcecode.swift; path = NewsFeedFeature.swift; sourceTree = "<group>"; };
		A7E10ED12A3A223800F9D489 /* EventsFeature.swift */ = {isa = PBXFileReference; lastKnownFileType = sourcecode.swift; path = EventsFeature.swift; sourceTree = "<group>"; };
		A7E10ED42A3A24D000F9D489 /* MiniAppsFeature.swift */ = {isa = PBXFileReference; lastKnownFileType = sourcecode.swift; path = MiniAppsFeature.swift; sourceTree = "<group>"; };
		A7F805112A1D3F4A0060A74D /* MiniApp.swift */ = {isa = PBXFileReference; lastKnownFileType = sourcecode.swift; path = MiniApp.swift; sourceTree = "<group>"; };
		A7F805132A1D3F790060A74D /* Event.swift */ = {isa = PBXFileReference; lastKnownFileType = sourcecode.swift; path = Event.swift; sourceTree = "<group>"; };
		A7F805152A1D3FC20060A74D /* NewsItem.swift */ = {isa = PBXFileReference; lastKnownFileType = sourcecode.swift; path = NewsItem.swift; sourceTree = "<group>"; };
		A7F805172A1D40000060A74D /* DashboardFeature.swift */ = {isa = PBXFileReference; lastKnownFileType = sourcecode.swift; path = DashboardFeature.swift; sourceTree = "<group>"; };
		A7F8051A2A1D44220060A74D /* AppFeature.swift */ = {isa = PBXFileReference; lastKnownFileType = sourcecode.swift; path = AppFeature.swift; sourceTree = "<group>"; };
		A7F8051C2A1D46330060A74D /* AppView.swift */ = {isa = PBXFileReference; lastKnownFileType = sourcecode.swift; path = AppView.swift; sourceTree = "<group>"; };
		A7F805272A1D701B0060A74D /* Info.plist */ = {isa = PBXFileReference; lastKnownFileType = text.plist; path = Info.plist; sourceTree = "<group>"; };
/* End PBXFileReference section */

/* Begin PBXFrameworksBuildPhase section */
		A7477F7A2A1BBCCF00D79747 /* Frameworks */ = {
			isa = PBXFrameworksBuildPhase;
			buildActionMask = 2147483647;
			files = (
				A7477F922A1BBD9900D79747 /* Supabase in Frameworks */,
				A757F9D62A2E7522002A443A /* MarkdownUI in Frameworks */,
				A7F805202A1D4E540060A74D /* SkeletonUI in Frameworks */,
				A757F9BE2A213EEA002A443A /* SwiftUINavigation in Frameworks */,
				A7F805262A1D61CE0060A74D /* IonicPortals in Frameworks */,
				A7999FE42A1BC16F00D08C51 /* Dependencies in Frameworks */,
				A7999FE92A1BE55F00D08C51 /* ComposableArchitecture in Frameworks */,
			);
			runOnlyForDeploymentPostprocessing = 0;
		};
/* End PBXFrameworksBuildPhase section */

/* Begin PBXGroup section */
		A7477F742A1BBCCF00D79747 = {
			isa = PBXGroup;
			children = (
				A79630372A3B80F000F77B73 /* Packages */,
				A7477F7F2A1BBCCF00D79747 /* Supernova */,
				A7477F7E2A1BBCCF00D79747 /* Products */,
				A7E10EDA2A3AB3F900F9D489 /* Frameworks */,
			);
			sourceTree = "<group>";
		};
		A7477F7E2A1BBCCF00D79747 /* Products */ = {
			isa = PBXGroup;
			children = (
				A7477F7D2A1BBCCF00D79747 /* Supernova.app */,
			);
			name = Products;
			sourceTree = "<group>";
		};
		A7477F7F2A1BBCCF00D79747 /* Supernova */ = {
			isa = PBXGroup;
			children = (
				A7F805272A1D701B0060A74D /* Info.plist */,
				A7477F802A1BBCCF00D79747 /* SupernovaApp.swift */,
				A7477F842A1BBCD100D79747 /* Assets.xcassets */,
				A7F805192A1D440E0060A74D /* App */,
				A7F8050F2A1D3EF60060A74D /* Dashboard */,
				A7999FEA2A1BE59400D08C51 /* Login */,
				A757F9BF2A28EDDE002A443A /* MiniApp */,
				A7F805102A1D3F3C0060A74D /* Model */,
				A757F9D12A2E2C8C002A443A /* News */,
				A7477F862A1BBCD100D79747 /* Preview Content */,
				A757F9C82A2A5889002A443A /* Utilities */,
			);
			path = Supernova;
			sourceTree = "<group>";
		};
		A7477F862A1BBCD100D79747 /* Preview Content */ = {
			isa = PBXGroup;
			children = (
				A7477F872A1BBCD100D79747 /* Preview Assets.xcassets */,
			);
			path = "Preview Content";
			sourceTree = "<group>";
		};
		A757F9BF2A28EDDE002A443A /* MiniApp */ = {
			isa = PBXGroup;
			children = (
				A757F9C02A28EDF8002A443A /* MiniAppFeature.swift */,
				A757F9C22A28EE2A002A443A /* MiniAppView.swift */,
				A757F9C42A2A5506002A443A /* Portal+MiniApp.swift */,
			);
			path = MiniApp;
			sourceTree = "<group>";
		};
		A757F9C82A2A5889002A443A /* Utilities */ = {
			isa = PBXGroup;
			children = (
				A7999FE52A1BC6E000D08C51 /* Dependencies.swift */,
				A757F9C92A2A5896002A443A /* Color+Theme.swift */,
				A757F9CB2A2A58BE002A443A /* Image+Ionicons.swift */,
				A757F9CD2A2A58E0002A443A /* URL+ExprByStringLiteral.swift */,
				A784D2602A37D462008DE4C7 /* UINavigationController+SwipeBack.swift */,
				A784D2642A37DAAD008DE4C7 /* Image+ResizedAndScaled.swift */,
			);
			path = Utilities;
			sourceTree = "<group>";
		};
		A757F9D12A2E2C8C002A443A /* News */ = {
			isa = PBXGroup;
			children = (
				A757F9D22A2E2C9C002A443A /* NewsItemView.swift */,
				A7E10ECB2A3970FC00F9D489 /* NewsFeature.swift */,
			);
			path = News;
			sourceTree = "<group>";
		};
		A79630372A3B80F000F77B73 /* Packages */ = {
			isa = PBXGroup;
			children = (
			);
			name = Packages;
			sourceTree = "<group>";
		};
		A7999FEA2A1BE59400D08C51 /* Login */ = {
			isa = PBXGroup;
			children = (
				A7477F8E2A1BBD4D00D79747 /* LoginLogo.swift */,
				A7477F932A1BBDAF00D79747 /* LoginView.swift */,
				A7999FEB2A1D200000D08C51 /* LoginFeature.swift */,
			);
			path = Login;
			sourceTree = "<group>";
		};
		A7E10ECD2A3A206700F9D489 /* NewsFeed */ = {
			isa = PBXGroup;
			children = (
				A784D2672A37DAD1008DE4C7 /* NewsFeedView.swift */,
				A7E10ECE2A3A207800F9D489 /* NewsFeedFeature.swift */,
			);
			path = NewsFeed;
			sourceTree = "<group>";
		};
		A7E10ED02A3A222800F9D489 /* Events */ = {
			isa = PBXGroup;
			children = (
				A784D2622A37DA5A008DE4C7 /* EventsView.swift */,
				A7E10ED12A3A223800F9D489 /* EventsFeature.swift */,
			);
			path = Events;
			sourceTree = "<group>";
		};
		A7E10ED32A3A24BF00F9D489 /* MiniApps */ = {
			isa = PBXGroup;
			children = (
				A757F9CF2A2A5AC6002A443A /* MiniAppsView.swift */,
				A7E10ED42A3A24D000F9D489 /* MiniAppsFeature.swift */,
			);
			path = MiniApps;
			sourceTree = "<group>";
		};
		A7E10EDA2A3AB3F900F9D489 /* Frameworks */ = {
			isa = PBXGroup;
			children = (
			);
			name = Frameworks;
			sourceTree = "<group>";
		};
		A7F8050F2A1D3EF60060A74D /* Dashboard */ = {
			isa = PBXGroup;
			children = (
				A7E10ED32A3A24BF00F9D489 /* MiniApps */,
				A7E10ED02A3A222800F9D489 /* Events */,
				A7E10ECD2A3A206700F9D489 /* NewsFeed */,
				A7477F992A1BBDE300D79747 /* DashboardView.swift */,
				A7F805172A1D40000060A74D /* DashboardFeature.swift */,
			);
			path = Dashboard;
			sourceTree = "<group>";
		};
		A7F805102A1D3F3C0060A74D /* Model */ = {
			isa = PBXGroup;
			children = (
				A7F805112A1D3F4A0060A74D /* MiniApp.swift */,
				A7F805132A1D3F790060A74D /* Event.swift */,
				A7F805152A1D3FC20060A74D /* NewsItem.swift */,
				A757F9C62A2A56BE002A443A /* Credentials.swift */,
			);
			path = Model;
			sourceTree = "<group>";
		};
		A7F805192A1D440E0060A74D /* App */ = {
			isa = PBXGroup;
			children = (
				A7F8051A2A1D44220060A74D /* AppFeature.swift */,
				A7F8051C2A1D46330060A74D /* AppView.swift */,
			);
			path = App;
			sourceTree = "<group>";
		};
/* End PBXGroup section */

/* Begin PBXNativeTarget section */
		A7477F7C2A1BBCCF00D79747 /* Supernova */ = {
			isa = PBXNativeTarget;
			buildConfigurationList = A7477F8B2A1BBCD100D79747 /* Build configuration list for PBXNativeTarget "Supernova" */;
			buildPhases = (
				A7477F792A1BBCCF00D79747 /* Sources */,
				A7477F7A2A1BBCCF00D79747 /* Frameworks */,
				A7477F7B2A1BBCCF00D79747 /* Resources */,
				A757F9BB2A212076002A443A /* Run Script */,
			);
			buildRules = (
			);
			dependencies = (
				A79630362A3ACA7F00F77B73 /* PBXTargetDependency */,
			);
			name = Supernova;
			packageProductDependencies = (
				A7477F912A1BBD9900D79747 /* Supabase */,
				A7999FE32A1BC16F00D08C51 /* Dependencies */,
				A7999FE82A1BE55F00D08C51 /* ComposableArchitecture */,
				A7F8051F2A1D4E540060A74D /* SkeletonUI */,
				A7F805252A1D61CE0060A74D /* IonicPortals */,
				A757F9BD2A213EEA002A443A /* SwiftUINavigation */,
				A757F9D52A2E7522002A443A /* MarkdownUI */,
			);
			productName = Supernova;
			productReference = A7477F7D2A1BBCCF00D79747 /* Supernova.app */;
			productType = "com.apple.product-type.application";
		};
/* End PBXNativeTarget section */

/* Begin PBXProject section */
		A7477F752A1BBCCF00D79747 /* Project object */ = {
			isa = PBXProject;
			attributes = {
				BuildIndependentTargetsInParallel = 1;
				LastSwiftUpdateCheck = 1430;
				LastUpgradeCheck = 1430;
				TargetAttributes = {
					A7477F7C2A1BBCCF00D79747 = {
						CreatedOnToolsVersion = 14.3;
					};
				};
			};
			buildConfigurationList = A7477F782A1BBCCF00D79747 /* Build configuration list for PBXProject "Supernova" */;
			compatibilityVersion = "Xcode 14.0";
			developmentRegion = en;
			hasScannedForEncodings = 0;
			knownRegions = (
				en,
				Base,
			);
			mainGroup = A7477F742A1BBCCF00D79747;
			packageReferences = (
				A7477F902A1BBD9900D79747 /* XCRemoteSwiftPackageReference "supabase-swift" */,
				A7999FE22A1BC16F00D08C51 /* XCRemoteSwiftPackageReference "swift-dependencies" */,
				A7999FE72A1BE55F00D08C51 /* XCRemoteSwiftPackageReference "swift-composable-architecture" */,
				A7F8051E2A1D4E540060A74D /* XCRemoteSwiftPackageReference "SkeletonUI" */,
				A7F805242A1D61CE0060A74D /* XCRemoteSwiftPackageReference "ionic-portals-ios" */,
				A757F9BC2A213EEA002A443A /* XCRemoteSwiftPackageReference "swiftui-navigation" */,
				A757F9D42A2E7522002A443A /* XCRemoteSwiftPackageReference "swift-markdown-ui" */,
				A79630342A3ACA7600F77B73 /* XCRemoteSwiftPackageReference "SwiftLint" */,
			);
			productRefGroup = A7477F7E2A1BBCCF00D79747 /* Products */;
			projectDirPath = "";
			projectRoot = "";
			targets = (
				A7477F7C2A1BBCCF00D79747 /* Supernova */,
			);
		};
/* End PBXProject section */

/* Begin PBXResourcesBuildPhase section */
		A7477F7B2A1BBCCF00D79747 /* Resources */ = {
			isa = PBXResourcesBuildPhase;
			buildActionMask = 2147483647;
			files = (
				A7477F882A1BBCD100D79747 /* Preview Assets.xcassets in Resources */,
				A7477F852A1BBCD100D79747 /* Assets.xcassets in Resources */,
			);
			runOnlyForDeploymentPostprocessing = 0;
		};
/* End PBXResourcesBuildPhase section */

/* Begin PBXShellScriptBuildPhase section */
		A757F9BB2A212076002A443A /* Run Script */ = {
			isa = PBXShellScriptBuildPhase;
			alwaysOutOfDate = 1;
			buildActionMask = 2147483647;
			files = (
			);
			inputFileListPaths = (
			);
			inputPaths = (
			);
			name = "Run Script";
			outputFileListPaths = (
			);
			outputPaths = (
			);
			runOnlyForDeploymentPostprocessing = 0;
			shellPath = /bin/sh;
			shellScript = "# Type a script or drag a script file from your workspace to insert # Type a script or drag a script file from your workspace to insert its path.\nEMBEDDED_DIR=\"${BUILT_PRODUCTS_DIR}/${TARGET_NAME}.app/portals\"\nAPP_LIST=(\n     \"perks|/../../web/perks-os\"\n#    \"perks|/../../web/perks/dist\"\n    \"hr|/../../web/human-resources/dist\"\n    \"crm|/../../web/crm/dist\"\n    \"time|/../../web/time-tracking/dist\"\n)\n\necho \"App ${TARGET_NAME} is being copied! ${EMBEDDED_APP}\";\n\nmkdir \"${EMBEDDED_DIR}\"\n\nfor APP_INFO in ${APP_LIST[@]}\ndo\n    IFS=\"|\" read -r -a arr <<< \"${APP_INFO}\"\n    APP_NAME=\"${arr[0]}\"\n    EMBEDDED_APP=\"${SRCROOT}${arr[1]}\"\n    \n    echo \"${APP_NAME} ${EMBEDDED_APP}\"\n    \n    if [ -d \"${EMBEDDED_DIR}/${APP_NAME}\" ]\n    then\n        cd \"${EMBEDDED_DIR}\"\n        rm -r \"${APP_NAME}\"\n    fi\n\n    mkdir \"${EMBEDDED_DIR}/${APP_NAME}\"\n\n    ZIP_FILE=\"${APP_NAME}.zip\"\n\n    if [ -d \"${EMBEDDED_APP}\" ] \n    then\n        cd \"${EMBEDDED_APP}\"\n        zip -vr \"${ZIP_FILE}\" * -x \"*.DS_Store\"\n        unzip \"${ZIP_FILE}\" -d \"${EMBEDDED_DIR}/${APP_NAME}\"\n        rm \"${ZIP_FILE}\"\n    else\n        echo \"App ${APP_NAME} has not been built! ${EMBEDDED_APP}\"\n        exit 999\n    fi\ndone\n";
		};
/* End PBXShellScriptBuildPhase section */

/* Begin PBXSourcesBuildPhase section */
		A7477F792A1BBCCF00D79747 /* Sources */ = {
			isa = PBXSourcesBuildPhase;
			buildActionMask = 2147483647;
			files = (
				A7F805122A1D3F4A0060A74D /* MiniApp.swift in Sources */,
				A784D2612A37D462008DE4C7 /* UINavigationController+SwipeBack.swift in Sources */,
				A784D2632A37DA5A008DE4C7 /* EventsView.swift in Sources */,
				A7F805162A1D3FC20060A74D /* NewsItem.swift in Sources */,
				A7E10ECF2A3A207800F9D489 /* NewsFeedFeature.swift in Sources */,
				A7F805142A1D3F790060A74D /* Event.swift in Sources */,
				A757F9CA2A2A5896002A443A /* Color+Theme.swift in Sources */,
				A757F9CC2A2A58BE002A443A /* Image+Ionicons.swift in Sources */,
				A757F9D02A2A5AC6002A443A /* MiniAppsView.swift in Sources */,
				A7F805182A1D40000060A74D /* DashboardFeature.swift in Sources */,
				A757F9C32A28EE2A002A443A /* MiniAppView.swift in Sources */,
				A757F9CE2A2A58E0002A443A /* URL+ExprByStringLiteral.swift in Sources */,
				A7E10ECC2A3970FC00F9D489 /* NewsFeature.swift in Sources */,
				A784D2682A37DAD1008DE4C7 /* NewsFeedView.swift in Sources */,
				A7477F9A2A1BBDE300D79747 /* DashboardView.swift in Sources */,
				A757F9C52A2A5506002A443A /* Portal+MiniApp.swift in Sources */,
				A7F8051D2A1D46330060A74D /* AppView.swift in Sources */,
				A7477F812A1BBCCF00D79747 /* SupernovaApp.swift in Sources */,
				A7477F942A1BBDAF00D79747 /* LoginView.swift in Sources */,
				A7E10ED22A3A223800F9D489 /* EventsFeature.swift in Sources */,
				A7999FE62A1BC6E000D08C51 /* Dependencies.swift in Sources */,
				A7E10ED52A3A24D000F9D489 /* MiniAppsFeature.swift in Sources */,
				A757F9C72A2A56BE002A443A /* Credentials.swift in Sources */,
				A784D2652A37DAAD008DE4C7 /* Image+ResizedAndScaled.swift in Sources */,
				A7477F8F2A1BBD4D00D79747 /* LoginLogo.swift in Sources */,
				A757F9C12A28EDF8002A443A /* MiniAppFeature.swift in Sources */,
				A7F8051B2A1D44220060A74D /* AppFeature.swift in Sources */,
				A7999FEC2A1D200000D08C51 /* LoginFeature.swift in Sources */,
				A757F9D32A2E2C9C002A443A /* NewsItemView.swift in Sources */,
			);
			runOnlyForDeploymentPostprocessing = 0;
		};
/* End PBXSourcesBuildPhase section */

/* Begin PBXTargetDependency section */
		A79630362A3ACA7F00F77B73 /* PBXTargetDependency */ = {
			isa = PBXTargetDependency;
			productRef = A79630352A3ACA7F00F77B73 /* SwiftLintPlugin */;
		};
/* End PBXTargetDependency section */

/* Begin XCBuildConfiguration section */
		A7477F892A1BBCD100D79747 /* Debug */ = {
			isa = XCBuildConfiguration;
			buildSettings = {
				ALWAYS_SEARCH_USER_PATHS = NO;
				CLANG_ANALYZER_NONNULL = YES;
				CLANG_ANALYZER_NUMBER_OBJECT_CONVERSION = YES_AGGRESSIVE;
				CLANG_CXX_LANGUAGE_STANDARD = "gnu++20";
				CLANG_ENABLE_MODULES = YES;
				CLANG_ENABLE_OBJC_ARC = YES;
				CLANG_ENABLE_OBJC_WEAK = YES;
				CLANG_WARN_BLOCK_CAPTURE_AUTORELEASING = YES;
				CLANG_WARN_BOOL_CONVERSION = YES;
				CLANG_WARN_COMMA = YES;
				CLANG_WARN_CONSTANT_CONVERSION = YES;
				CLANG_WARN_DEPRECATED_OBJC_IMPLEMENTATIONS = YES;
				CLANG_WARN_DIRECT_OBJC_ISA_USAGE = YES_ERROR;
				CLANG_WARN_DOCUMENTATION_COMMENTS = YES;
				CLANG_WARN_EMPTY_BODY = YES;
				CLANG_WARN_ENUM_CONVERSION = YES;
				CLANG_WARN_INFINITE_RECURSION = YES;
				CLANG_WARN_INT_CONVERSION = YES;
				CLANG_WARN_NON_LITERAL_NULL_CONVERSION = YES;
				CLANG_WARN_OBJC_IMPLICIT_RETAIN_SELF = YES;
				CLANG_WARN_OBJC_LITERAL_CONVERSION = YES;
				CLANG_WARN_OBJC_ROOT_CLASS = YES_ERROR;
				CLANG_WARN_QUOTED_INCLUDE_IN_FRAMEWORK_HEADER = YES;
				CLANG_WARN_RANGE_LOOP_ANALYSIS = YES;
				CLANG_WARN_STRICT_PROTOTYPES = YES;
				CLANG_WARN_SUSPICIOUS_MOVE = YES;
				CLANG_WARN_UNGUARDED_AVAILABILITY = YES_AGGRESSIVE;
				CLANG_WARN_UNREACHABLE_CODE = YES;
				CLANG_WARN__DUPLICATE_METHOD_MATCH = YES;
				COPY_PHASE_STRIP = NO;
				DEBUG_INFORMATION_FORMAT = dwarf;
				ENABLE_STRICT_OBJC_MSGSEND = YES;
				ENABLE_TESTABILITY = YES;
				GCC_C_LANGUAGE_STANDARD = gnu11;
				GCC_DYNAMIC_NO_PIC = NO;
				GCC_NO_COMMON_BLOCKS = YES;
				GCC_OPTIMIZATION_LEVEL = 0;
				GCC_PREPROCESSOR_DEFINITIONS = (
					"DEBUG=1",
					"$(inherited)",
				);
				GCC_WARN_64_TO_32_BIT_CONVERSION = YES;
				GCC_WARN_ABOUT_RETURN_TYPE = YES_ERROR;
				GCC_WARN_UNDECLARED_SELECTOR = YES;
				GCC_WARN_UNINITIALIZED_AUTOS = YES_AGGRESSIVE;
				GCC_WARN_UNUSED_FUNCTION = YES;
				GCC_WARN_UNUSED_VARIABLE = YES;
				IPHONEOS_DEPLOYMENT_TARGET = 16.4;
				MTL_ENABLE_DEBUG_INFO = INCLUDE_SOURCE;
				MTL_FAST_MATH = YES;
				ONLY_ACTIVE_ARCH = YES;
				SDKROOT = iphoneos;
				SWIFT_ACTIVE_COMPILATION_CONDITIONS = DEBUG;
				SWIFT_OPTIMIZATION_LEVEL = "-Onone";
			};
			name = Debug;
		};
		A7477F8A2A1BBCD100D79747 /* Release */ = {
			isa = XCBuildConfiguration;
			buildSettings = {
				ALWAYS_SEARCH_USER_PATHS = NO;
				CLANG_ANALYZER_NONNULL = YES;
				CLANG_ANALYZER_NUMBER_OBJECT_CONVERSION = YES_AGGRESSIVE;
				CLANG_CXX_LANGUAGE_STANDARD = "gnu++20";
				CLANG_ENABLE_MODULES = YES;
				CLANG_ENABLE_OBJC_ARC = YES;
				CLANG_ENABLE_OBJC_WEAK = YES;
				CLANG_WARN_BLOCK_CAPTURE_AUTORELEASING = YES;
				CLANG_WARN_BOOL_CONVERSION = YES;
				CLANG_WARN_COMMA = YES;
				CLANG_WARN_CONSTANT_CONVERSION = YES;
				CLANG_WARN_DEPRECATED_OBJC_IMPLEMENTATIONS = YES;
				CLANG_WARN_DIRECT_OBJC_ISA_USAGE = YES_ERROR;
				CLANG_WARN_DOCUMENTATION_COMMENTS = YES;
				CLANG_WARN_EMPTY_BODY = YES;
				CLANG_WARN_ENUM_CONVERSION = YES;
				CLANG_WARN_INFINITE_RECURSION = YES;
				CLANG_WARN_INT_CONVERSION = YES;
				CLANG_WARN_NON_LITERAL_NULL_CONVERSION = YES;
				CLANG_WARN_OBJC_IMPLICIT_RETAIN_SELF = YES;
				CLANG_WARN_OBJC_LITERAL_CONVERSION = YES;
				CLANG_WARN_OBJC_ROOT_CLASS = YES_ERROR;
				CLANG_WARN_QUOTED_INCLUDE_IN_FRAMEWORK_HEADER = YES;
				CLANG_WARN_RANGE_LOOP_ANALYSIS = YES;
				CLANG_WARN_STRICT_PROTOTYPES = YES;
				CLANG_WARN_SUSPICIOUS_MOVE = YES;
				CLANG_WARN_UNGUARDED_AVAILABILITY = YES_AGGRESSIVE;
				CLANG_WARN_UNREACHABLE_CODE = YES;
				CLANG_WARN__DUPLICATE_METHOD_MATCH = YES;
				COPY_PHASE_STRIP = NO;
				DEBUG_INFORMATION_FORMAT = "dwarf-with-dsym";
				ENABLE_NS_ASSERTIONS = NO;
				ENABLE_STRICT_OBJC_MSGSEND = YES;
				GCC_C_LANGUAGE_STANDARD = gnu11;
				GCC_NO_COMMON_BLOCKS = YES;
				GCC_WARN_64_TO_32_BIT_CONVERSION = YES;
				GCC_WARN_ABOUT_RETURN_TYPE = YES_ERROR;
				GCC_WARN_UNDECLARED_SELECTOR = YES;
				GCC_WARN_UNINITIALIZED_AUTOS = YES_AGGRESSIVE;
				GCC_WARN_UNUSED_FUNCTION = YES;
				GCC_WARN_UNUSED_VARIABLE = YES;
				IPHONEOS_DEPLOYMENT_TARGET = 16.4;
				MTL_ENABLE_DEBUG_INFO = NO;
				MTL_FAST_MATH = YES;
				SDKROOT = iphoneos;
				SWIFT_COMPILATION_MODE = wholemodule;
				SWIFT_OPTIMIZATION_LEVEL = "-O";
				VALIDATE_PRODUCT = YES;
			};
			name = Release;
		};
		A7477F8C2A1BBCD100D79747 /* Debug */ = {
			isa = XCBuildConfiguration;
			buildSettings = {
				ASSETCATALOG_COMPILER_APPICON_NAME = AppIcon;
				ASSETCATALOG_COMPILER_GLOBAL_ACCENT_COLOR_NAME = AccentColor;
				CODE_SIGN_STYLE = Automatic;
				CURRENT_PROJECT_VERSION = 1;
				DEVELOPMENT_ASSET_PATHS = "\"Supernova/Preview Content\"";
				DEVELOPMENT_TEAM = 27RN89Z549;
				ENABLE_PREVIEWS = YES;
				GENERATE_INFOPLIST_FILE = YES;
				INFOPLIST_FILE = Supernova/Info.plist;
				INFOPLIST_KEY_UIApplicationSceneManifest_Generation = YES;
				INFOPLIST_KEY_UIApplicationSupportsIndirectInputEvents = YES;
				INFOPLIST_KEY_UILaunchScreen_Generation = YES;
				INFOPLIST_KEY_UISupportedInterfaceOrientations_iPad = "UIInterfaceOrientationPortrait UIInterfaceOrientationPortraitUpsideDown UIInterfaceOrientationLandscapeLeft UIInterfaceOrientationLandscapeRight";
				INFOPLIST_KEY_UISupportedInterfaceOrientations_iPhone = "UIInterfaceOrientationPortrait UIInterfaceOrientationLandscapeLeft UIInterfaceOrientationLandscapeRight";
				LD_RUNPATH_SEARCH_PATHS = (
					"$(inherited)",
					"@executable_path/Frameworks",
				);
				MARKETING_VERSION = 1.0;
				PRODUCT_BUNDLE_IDENTIFIER = io.ionic.Supernova;
				PRODUCT_NAME = "$(TARGET_NAME)";
				SWIFT_EMIT_LOC_STRINGS = YES;
				SWIFT_VERSION = 5.0;
				TARGETED_DEVICE_FAMILY = "1,2";
			};
			name = Debug;
		};
		A7477F8D2A1BBCD100D79747 /* Release */ = {
			isa = XCBuildConfiguration;
			buildSettings = {
				ASSETCATALOG_COMPILER_APPICON_NAME = AppIcon;
				ASSETCATALOG_COMPILER_GLOBAL_ACCENT_COLOR_NAME = AccentColor;
				CODE_SIGN_STYLE = Automatic;
				CURRENT_PROJECT_VERSION = 1;
				DEVELOPMENT_ASSET_PATHS = "\"Supernova/Preview Content\"";
				DEVELOPMENT_TEAM = 27RN89Z549;
				ENABLE_PREVIEWS = YES;
				GENERATE_INFOPLIST_FILE = YES;
				INFOPLIST_FILE = Supernova/Info.plist;
				INFOPLIST_KEY_UIApplicationSceneManifest_Generation = YES;
				INFOPLIST_KEY_UIApplicationSupportsIndirectInputEvents = YES;
				INFOPLIST_KEY_UILaunchScreen_Generation = YES;
				INFOPLIST_KEY_UISupportedInterfaceOrientations_iPad = "UIInterfaceOrientationPortrait UIInterfaceOrientationPortraitUpsideDown UIInterfaceOrientationLandscapeLeft UIInterfaceOrientationLandscapeRight";
				INFOPLIST_KEY_UISupportedInterfaceOrientations_iPhone = "UIInterfaceOrientationPortrait UIInterfaceOrientationLandscapeLeft UIInterfaceOrientationLandscapeRight";
				LD_RUNPATH_SEARCH_PATHS = (
					"$(inherited)",
					"@executable_path/Frameworks",
				);
				MARKETING_VERSION = 1.0;
				PRODUCT_BUNDLE_IDENTIFIER = io.ionic.Supernova;
				PRODUCT_NAME = "$(TARGET_NAME)";
				SWIFT_EMIT_LOC_STRINGS = YES;
				SWIFT_VERSION = 5.0;
				TARGETED_DEVICE_FAMILY = "1,2";
			};
			name = Release;
		};
/* End XCBuildConfiguration section */

/* Begin XCConfigurationList section */
		A7477F782A1BBCCF00D79747 /* Build configuration list for PBXProject "Supernova" */ = {
			isa = XCConfigurationList;
			buildConfigurations = (
				A7477F892A1BBCD100D79747 /* Debug */,
				A7477F8A2A1BBCD100D79747 /* Release */,
			);
			defaultConfigurationIsVisible = 0;
			defaultConfigurationName = Release;
		};
		A7477F8B2A1BBCD100D79747 /* Build configuration list for PBXNativeTarget "Supernova" */ = {
			isa = XCConfigurationList;
			buildConfigurations = (
				A7477F8C2A1BBCD100D79747 /* Debug */,
				A7477F8D2A1BBCD100D79747 /* Release */,
			);
			defaultConfigurationIsVisible = 0;
			defaultConfigurationName = Release;
		};
/* End XCConfigurationList section */

/* Begin XCRemoteSwiftPackageReference section */
		A7477F902A1BBD9900D79747 /* XCRemoteSwiftPackageReference "supabase-swift" */ = {
			isa = XCRemoteSwiftPackageReference;
			repositoryURL = "https://github.com/supabase/supabase-swift.git";
			requirement = {
				kind = upToNextMinorVersion;
				minimumVersion = 0.2.1;
			};
		};
		A757F9BC2A213EEA002A443A /* XCRemoteSwiftPackageReference "swiftui-navigation" */ = {
			isa = XCRemoteSwiftPackageReference;
			repositoryURL = "https://github.com/pointfreeco/swiftui-navigation";
			requirement = {
				kind = upToNextMinorVersion;
				minimumVersion = 0.7.1;
			};
		};
		A757F9D42A2E7522002A443A /* XCRemoteSwiftPackageReference "swift-markdown-ui" */ = {
			isa = XCRemoteSwiftPackageReference;
			repositoryURL = "https://github.com/gonzalezreal/swift-markdown-ui";
			requirement = {
				kind = upToNextMajorVersion;
				minimumVersion = 2.0.0;
			};
		};
		A79630342A3ACA7600F77B73 /* XCRemoteSwiftPackageReference "SwiftLint" */ = {
			isa = XCRemoteSwiftPackageReference;
			repositoryURL = "https://github.com/realm/SwiftLint";
			requirement = {
				kind = upToNextMinorVersion;
				minimumVersion = 0.52.2;
			};
		};
		A7999FE22A1BC16F00D08C51 /* XCRemoteSwiftPackageReference "swift-dependencies" */ = {
			isa = XCRemoteSwiftPackageReference;
			repositoryURL = "https://github.com/pointfreeco/swift-dependencies";
			requirement = {
				kind = upToNextMinorVersion;
				minimumVersion = 0.5.0;
			};
		};
		A7999FE72A1BE55F00D08C51 /* XCRemoteSwiftPackageReference "swift-composable-architecture" */ = {
			isa = XCRemoteSwiftPackageReference;
			repositoryURL = "https://github.com/pointfreeco/swift-composable-architecture";
			requirement = {
				kind = upToNextMinorVersion;
				minimumVersion = 0.54.0;
			};
		};
		A7F8051E2A1D4E540060A74D /* XCRemoteSwiftPackageReference "SkeletonUI" */ = {
			isa = XCRemoteSwiftPackageReference;
			repositoryURL = "https://github.com/CSolanaM/SkeletonUI";
			requirement = {
				kind = upToNextMinorVersion;
				minimumVersion = 1.0.0;
			};
		};
		A7F805242A1D61CE0060A74D /* XCRemoteSwiftPackageReference "ionic-portals-ios" */ = {
			isa = XCRemoteSwiftPackageReference;
			repositoryURL = "https://github.com/ionic-team/ionic-portals-ios";
			requirement = {
				kind = upToNextMinorVersion;
				minimumVersion = 0.8.0;
			};
		};
/* End XCRemoteSwiftPackageReference section */

/* Begin XCSwiftPackageProductDependency section */
		A7477F912A1BBD9900D79747 /* Supabase */ = {
			isa = XCSwiftPackageProductDependency;
			package = A7477F902A1BBD9900D79747 /* XCRemoteSwiftPackageReference "supabase-swift" */;
			productName = Supabase;
		};
		A757F9BD2A213EEA002A443A /* SwiftUINavigation */ = {
			isa = XCSwiftPackageProductDependency;
			package = A757F9BC2A213EEA002A443A /* XCRemoteSwiftPackageReference "swiftui-navigation" */;
			productName = SwiftUINavigation;
		};
		A757F9D52A2E7522002A443A /* MarkdownUI */ = {
			isa = XCSwiftPackageProductDependency;
			package = A757F9D42A2E7522002A443A /* XCRemoteSwiftPackageReference "swift-markdown-ui" */;
			productName = MarkdownUI;
		};
		A79630352A3ACA7F00F77B73 /* SwiftLintPlugin */ = {
			isa = XCSwiftPackageProductDependency;
			package = A79630342A3ACA7600F77B73 /* XCRemoteSwiftPackageReference "SwiftLint" */;
			productName = "plugin:SwiftLintPlugin";
		};
		A7999FE32A1BC16F00D08C51 /* Dependencies */ = {
			isa = XCSwiftPackageProductDependency;
			package = A7999FE22A1BC16F00D08C51 /* XCRemoteSwiftPackageReference "swift-dependencies" */;
			productName = Dependencies;
		};
		A7999FE82A1BE55F00D08C51 /* ComposableArchitecture */ = {
			isa = XCSwiftPackageProductDependency;
			package = A7999FE72A1BE55F00D08C51 /* XCRemoteSwiftPackageReference "swift-composable-architecture" */;
			productName = ComposableArchitecture;
		};
		A7F8051F2A1D4E540060A74D /* SkeletonUI */ = {
			isa = XCSwiftPackageProductDependency;
			package = A7F8051E2A1D4E540060A74D /* XCRemoteSwiftPackageReference "SkeletonUI" */;
			productName = SkeletonUI;
		};
		A7F805252A1D61CE0060A74D /* IonicPortals */ = {
			isa = XCSwiftPackageProductDependency;
			package = A7F805242A1D61CE0060A74D /* XCRemoteSwiftPackageReference "ionic-portals-ios" */;
			productName = IonicPortals;
		};
/* End XCSwiftPackageProductDependency section */
	};
	rootObject = A7477F752A1BBCCF00D79747 /* Project object */;
}
